
Microsoft Visual Studio Solution File, Format Version 12.00
# Visual Studio Version 17
VisualStudioVersion = 17.8.34511.84
MinimumVisualStudioVersion = 10.0.40219.1
Project("{9A19103F-16F7-4668-BE54-9A1E7A4F7556}") = "BiteStation.Presentation", "BiteStation.Presentation\BiteStation.Presentation.csproj", "{CBF90E46-A01A-410D-910F-287534500A6E}"
EndProject
Project("{9A19103F-16F7-4668-BE54-9A1E7A4F7556}") = "BiteStation.Domain", "BiteStation.Domain\BiteStation.Domain.csproj", "{C0E4DB8D-C5D6-4191-A88B-0C618A5DDA77}"
EndProject
Project("{9A19103F-16F7-4668-BE54-9A1E7A4F7556}") = "BiteStation.Infrastructure", "BiteStation.Infrastructure\BiteStation.Infrastructure.csproj", "{58C750E6-7C97-4F27-937E-98F6AD00CB11}"
EndProject
Project("{FAE04EC0-301F-11D3-BF4B-00C04F79EFBC}") = "BiteStation.Application", "BiteStation.Application\BiteStation.Application.csproj", "{9ECF80B2-EA0C-4632-A524-019E0ADFD6A6}"
EndProject
Global
	GlobalSection(SolutionConfigurationPlatforms) = preSolution
		Debug|Any CPU = Debug|Any CPU
		Release|Any CPU = Release|Any CPU
	EndGlobalSection
	GlobalSection(ProjectConfigurationPlatforms) = postSolution
		{CBF90E46-A01A-410D-910F-287534500A6E}.Debug|Any CPU.ActiveCfg = Debug|Any CPU
		{CBF90E46-A01A-410D-910F-287534500A6E}.Debug|Any CPU.Build.0 = Debug|Any CPU
		{CBF90E46-A01A-410D-910F-287534500A6E}.Release|Any CPU.ActiveCfg = Release|Any CPU
		{CBF90E46-A01A-410D-910F-287534500A6E}.Release|Any CPU.Build.0 = Release|Any CPU
		{C0E4DB8D-C5D6-4191-A88B-0C618A5DDA77}.Debug|Any CPU.ActiveCfg = Debug|Any CPU
		{C0E4DB8D-C5D6-4191-A88B-0C618A5DDA77}.Debug|Any CPU.Build.0 = Debug|Any CPU
		{C0E4DB8D-C5D6-4191-A88B-0C618A5DDA77}.Release|Any CPU.ActiveCfg = Release|Any CPU
		{C0E4DB8D-C5D6-4191-A88B-0C618A5DDA77}.Release|Any CPU.Build.0 = Release|Any CPU
		{58C750E6-7C97-4F27-937E-98F6AD00CB11}.Debug|Any CPU.ActiveCfg = Debug|Any CPU
		{58C750E6-7C97-4F27-937E-98F6AD00CB11}.Debug|Any CPU.Build.0 = Debug|Any CPU
		{58C750E6-7C97-4F27-937E-98F6AD00CB11}.Release|Any CPU.ActiveCfg = Release|Any CPU
		{58C750E6-7C97-4F27-937E-98F6AD00CB11}.Release|Any CPU.Build.0 = Release|Any CPU
		{9ECF80B2-EA0C-4632-A524-019E0ADFD6A6}.Debug|Any CPU.ActiveCfg = Debug|Any CPU
		{9ECF80B2-EA0C-4632-A524-019E0ADFD6A6}.Debug|Any CPU.Build.0 = Debug|Any CPU
		{9ECF80B2-EA0C-4632-A524-019E0ADFD6A6}.Release|Any CPU.ActiveCfg = Release|Any CPU
		{9ECF80B2-EA0C-4632-A524-019E0ADFD6A6}.Release|Any CPU.Build.0 = Release|Any CPU
	EndGlobalSection
	GlobalSection(SolutionProperties) = preSolution
		HideSolutionNode = FALSE
	EndGlobalSection
	GlobalSection(ExtensibilityGlobals) = postSolution
		SolutionGuid = {4C55C8D1-362E-4EFE-ADA0-50AFF6429D24}
	EndGlobalSection
EndGlobal
